
Microsoft Visual Studio Solution File, Format Version 12.00
Project("{FAE04EC0-301F-11D3-BF4B-00C04F79EFBC}") = "McpClient_cs", "McpClient_cs\McpClient_cs.csproj", "{422F030F-E26F-4608-8E7E-3EFFFCEF04FB}"
EndProject
Global
	GlobalSection(SolutionConfigurationPlatforms) = preSolution
		Debug|Any CPU = Debug|Any CPU
		Release|Any CPU = Release|Any CPU
	EndGlobalSection
	GlobalSection(ProjectConfigurationPlatforms) = postSolution
		{422F030F-E26F-4608-8E7E-3EFFFCEF04FB}.Debug|Any CPU.ActiveCfg = Debug|Any CPU
		{422F030F-E26F-4608-8E7E-3EFFFCEF04FB}.Debug|Any CPU.Build.0 = Debug|Any CPU
		{422F030F-E26F-4608-8E7E-3EFFFCEF04FB}.Release|Any CPU.ActiveCfg = Release|Any CPU
		{422F030F-E26F-4608-8E7E-3EFFFCEF04FB}.Release|Any CPU.Build.0 = Release|Any CPU
	EndGlobalSection
EndGlobal
